
Microsoft Visual Studio Solution File, Format Version 12.00
# Visual Studio Version 17
VisualStudioVersion = 17.13.35806.99 d17.13
MinimumVisualStudioVersion = 10.0.40219.1
Project("{FAE04EC0-301F-11D3-BF4B-00C04F79EFBC}") = "TESTWEBBOOK", "TESTWEBBOOK\TESTWEBBOOK.csproj", "{C7BB3DF5-0DF9-4D6F-AF08-03DD57EAB7DA}"
EndProject
Global
	GlobalSection(SolutionConfigurationPlatforms) = preSolution
		Debug|Any CPU = Debug|Any CPU
		Release|Any CPU = Release|Any CPU
	EndGlobalSection
	GlobalSection(ProjectConfigurationPlatforms) = postSolution
		{C7BB3DF5-0DF9-4D6F-AF08-03DD57EAB7DA}.Debug|Any CPU.ActiveCfg = Debug|Any CPU
		{C7BB3DF5-0DF9-4D6F-AF08-03DD57EAB7DA}.Debug|Any CPU.Build.0 = Debug|Any CPU
		{C7BB3DF5-0DF9-4D6F-AF08-03DD57EAB7DA}.Release|Any CPU.ActiveCfg = Release|Any CPU
		{C7BB3DF5-0DF9-4D6F-AF08-03DD57EAB7DA}.Release|Any CPU.Build.0 = Release|Any CPU
	EndGlobalSection
	GlobalSection(SolutionProperties) = preSolution
		HideSolutionNode = FALSE
	EndGlobalSection
	GlobalSection(ExtensibilityGlobals) = postSolution
		SolutionGuid = {1EAB1552-2AA0-48D0-B91D-ADF0CC5CDD69}
	EndGlobalSection
EndGlobal
